
Microsoft Visual Studio Solution File, Format Version 12.00
# Visual Studio Version 17
VisualStudioVersion = 17.5.002.0
MinimumVisualStudioVersion = 10.0.40219.1
Project("{9A19103F-16F7-4668-BE54-9A1E7A4F7556}") = "ProjectIvy.Api", "ProjectIvy.Api.csproj", "{FBD00B7D-3D8E-486B-892D-7B1C86E31676}"
EndProject
Global
	GlobalSection(SolutionConfigurationPlatforms) = preSolution
		Debug|Any CPU = Debug|Any CPU
		Release|Any CPU = Release|Any CPU
	EndGlobalSection
	GlobalSection(ProjectConfigurationPlatforms) = postSolution
		{FBD00B7D-3D8E-486B-892D-7B1C86E31676}.Debug|Any CPU.ActiveCfg = Debug|Any CPU
		{FBD00B7D-3D8E-486B-892D-7B1C86E31676}.Debug|Any CPU.Build.0 = Debug|Any CPU
		{FBD00B7D-3D8E-486B-892D-7B1C86E31676}.Release|Any CPU.ActiveCfg = Release|Any CPU
		{FBD00B7D-3D8E-486B-892D-7B1C86E31676}.Release|Any CPU.Build.0 = Release|Any CPU
	EndGlobalSection
	GlobalSection(SolutionProperties) = preSolution
		HideSolutionNode = FALSE
	EndGlobalSection
	GlobalSection(ExtensibilityGlobals) = postSolution
		SolutionGuid = {8BEC6929-9E25-4369-9819-0FE423FC492F}
	EndGlobalSection
EndGlobal
